
Microsoft Visual Studio Solution File, Format Version 12.00
# Visual Studio Version 17
VisualStudioVersion = 17.13.35825.156
MinimumVisualStudioVersion = 10.0.40219.1
Project("{FAE04EC0-301F-11D3-BF4B-00C04F79EFBC}") = "Bookify.Application", "Bookify.Application\Bookify.Application.csproj", "{71845A75-08CF-4B4C-93E6-5A4EC0307A04}"
	ProjectSection(ProjectDependencies) = postProject
		{DCEB8F56-B356-4A08-8F31-E09C3EECCB8C} = {DCEB8F56-B356-4A08-8F31-E09C3EECCB8C}
	EndProjectSection
EndProject
Project("{FAE04EC0-301F-11D3-BF4B-00C04F79EFBC}") = "Bookify.Domain", "Bookify.Domain\Bookify.Domain.csproj", "{DCEB8F56-B356-4A08-8F31-E09C3EECCB8C}"
EndProject
Global
	GlobalSection(SolutionConfigurationPlatforms) = preSolution
		Debug|Any CPU = Debug|Any CPU
		Release|Any CPU = Release|Any CPU
	EndGlobalSection
	GlobalSection(ProjectConfigurationPlatforms) = postSolution
		{71845A75-08CF-4B4C-93E6-5A4EC0307A04}.Debug|Any CPU.ActiveCfg = Debug|Any CPU
		{71845A75-08CF-4B4C-93E6-5A4EC0307A04}.Debug|Any CPU.Build.0 = Debug|Any CPU
		{71845A75-08CF-4B4C-93E6-5A4EC0307A04}.Release|Any CPU.ActiveCfg = Release|Any CPU
		{71845A75-08CF-4B4C-93E6-5A4EC0307A04}.Release|Any CPU.Build.0 = Release|Any CPU
		{DCEB8F56-B356-4A08-8F31-E09C3EECCB8C}.Debug|Any CPU.ActiveCfg = Debug|Any CPU
		{DCEB8F56-B356-4A08-8F31-E09C3EECCB8C}.Debug|Any CPU.Build.0 = Debug|Any CPU
		{DCEB8F56-B356-4A08-8F31-E09C3EECCB8C}.Release|Any CPU.ActiveCfg = Release|Any CPU
		{DCEB8F56-B356-4A08-8F31-E09C3EECCB8C}.Release|Any CPU.Build.0 = Release|Any CPU
	EndGlobalSection
	GlobalSection(SolutionProperties) = preSolution
		HideSolutionNode = FALSE
	EndGlobalSection
	GlobalSection(ExtensibilityGlobals) = postSolution
		SolutionGuid = {8DF39D05-3ADC-48CD-8A17-90AB05AE29CC}
	EndGlobalSection
EndGlobal
